
Microsoft Visual Studio Solution File, Format Version 11.00
# Visual Studio 2010
Project("{F184B08F-C81C-45F6-A57F-5ABD9991F28F}") = "Trip", "Trip\Trip.vbproj", "{08D60806-4A61-4198-B3EE-34EAC92802CE}"
EndProject
Global
	GlobalSection(SolutionConfigurationPlatforms) = preSolution
		Debug|x86 = Debug|x86
		Release|x86 = Release|x86
	EndGlobalSection
	GlobalSection(ProjectConfigurationPlatforms) = postSolution
		{08D60806-4A61-4198-B3EE-34EAC92802CE}.Debug|x86.ActiveCfg = Debug|x86
		{08D60806-4A61-4198-B3EE-34EAC92802CE}.Debug|x86.Build.0 = Debug|x86
		{08D60806-4A61-4198-B3EE-34EAC92802CE}.Release|x86.ActiveCfg = Release|x86
		{08D60806-4A61-4198-B3EE-34EAC92802CE}.Release|x86.Build.0 = Release|x86
	EndGlobalSection
	GlobalSection(SolutionProperties) = preSolution
		HideSolutionNode = FALSE
	EndGlobalSection
EndGlobal
